Microsoft Visual Studio Solution File, Format Version 12.00
# Visual Studio Version 17
VisualStudioVersion = 17.6.33801.468
MinimumVisualStudioVersion = 10.0.40219.1
Project("{9A19103F-16F7-4668-BE54-9A1E7A4F7556}") = "NewsApi.RestApi", "src\03.presentation\NewsApi\NewsApi.RestApi.csproj", "{418A07DE-5F80-4DD7-A12E-6408060FC38C}"
EndProject
Project("{2150E333-8FDC-42A3-9474-1A3956D46DE8}") = "src", "src", "{95955F22-605B-4332-9928-A767F852D54C}"
EndProject
Project("{2150E333-8FDC-42A3-9474-1A3956D46DE8}") = "test", "test", "{208A8181-B344-4175-A455-9EAE498EF286}"
EndProject
Project("{2150E333-8FDC-42A3-9474-1A3956D46DE8}") = "00.package", "00.package", "{9B372271-BD35-4519-A27F-E6ACBB5951F1}"
EndProject
Project("{2150E333-8FDC-42A3-9474-1A3956D46DE8}") = "01.core", "01.core", "{8B51E1C7-E2D9-4114-8217-CB9F0A7BD0EE}"
EndProject
Project("{2150E333-8FDC-42A3-9474-1A3956D46DE8}") = "02.infrastructure", "02.infrastructure", "{C1B9FD92-E4F3-4311-910E-AE8661B50641}"
EndProject
Project("{2150E333-8FDC-42A3-9474-1A3956D46DE8}") = "03.presentation", "03.presentation", "{AF8A7661-B9B8-43E4-BDF6-CD031FA703CB}"
EndProject
Project("{9A19103F-16F7-4668-BE54-9A1E7A4F7556}") = "NewsApi.Migrations", "src\02.infrastructure\Migrations\NewsApi.Migrations.csproj", "{E943E9A9-954C-4DB6-98DA-A64305997880}"
EndProject
Project("{9A19103F-16F7-4668-BE54-9A1E7A4F7556}") = "NewsApi.Entities", "src\01.core\Entities\NewsApi.Entities.csproj", "{95B208B1-C1D4-4E1C-A6BE-78258CC7BBC8}"
EndProject
Project("{9A19103F-16F7-4668-BE54-9A1E7A4F7556}") = "NewsApi.Services", "src\01.core\NewsApi.Services\NewsApi.Services.csproj", "{306A52F6-9CF7-4324-9136-3AD18A295795}"
EndProject
Project("{9A19103F-16F7-4668-BE54-9A1E7A4F7556}") = "NewsApi.Persistence.Ef", "src\02.infrastructure\NewsApi.Persistence.Ef\NewsApi.Persistence.Ef.csproj", "{1341D5E3-C780-4A86-A780-012D26B766D3}"
EndProject
Project("{9A19103F-16F7-4668-BE54-9A1E7A4F7556}") = "Taav.Contracts", "src\00.package\Taav.Contracts\Taav.Contracts.csproj", "{99AD48D0-8C90-4999-A6CB-374FC45F8C73}"
EndProject
Global
	GlobalSection(SolutionConfigurationPlatforms) = preSolution
		Debug|Any CPU = Debug|Any CPU
		Release|Any CPU = Release|Any CPU
	EndGlobalSection
	GlobalSection(ProjectConfigurationPlatforms) = postSolution
		{418A07DE-5F80-4DD7-A12E-6408060FC38C}.Debug|Any CPU.ActiveCfg = Debug|Any CPU
		{418A07DE-5F80-4DD7-A12E-6408060FC38C}.Debug|Any CPU.Build.0 = Debug|Any CPU
		{418A07DE-5F80-4DD7-A12E-6408060FC38C}.Release|Any CPU.ActiveCfg = Release|Any CPU
		{418A07DE-5F80-4DD7-A12E-6408060FC38C}.Release|Any CPU.Build.0 = Release|Any CPU
		{E943E9A9-954C-4DB6-98DA-A64305997880}.Debug|Any CPU.ActiveCfg = Debug|Any CPU
		{E943E9A9-954C-4DB6-98DA-A64305997880}.Debug|Any CPU.Build.0 = Debug|Any CPU
		{E943E9A9-954C-4DB6-98DA-A64305997880}.Release|Any CPU.ActiveCfg = Release|Any CPU
		{E943E9A9-954C-4DB6-98DA-A64305997880}.Release|Any CPU.Build.0 = Release|Any CPU
		{95B208B1-C1D4-4E1C-A6BE-78258CC7BBC8}.Debug|Any CPU.ActiveCfg = Debug|Any CPU
		{95B208B1-C1D4-4E1C-A6BE-78258CC7BBC8}.Debug|Any CPU.Build.0 = Debug|Any CPU
		{95B208B1-C1D4-4E1C-A6BE-78258CC7BBC8}.Release|Any CPU.ActiveCfg = Release|Any CPU
		{95B208B1-C1D4-4E1C-A6BE-78258CC7BBC8}.Release|Any CPU.Build.0 = Release|Any CPU
		{306A52F6-9CF7-4324-9136-3AD18A295795}.Debug|Any CPU.ActiveCfg = Debug|Any CPU
		{306A52F6-9CF7-4324-9136-3AD18A295795}.Debug|Any CPU.Build.0 = Debug|Any CPU
		{306A52F6-9CF7-4324-9136-3AD18A295795}.Release|Any CPU.ActiveCfg = Release|Any CPU
		{306A52F6-9CF7-4324-9136-3AD18A295795}.Release|Any CPU.Build.0 = Release|Any CPU
		{1341D5E3-C780-4A86-A780-012D26B766D3}.Debug|Any CPU.ActiveCfg = Debug|Any CPU
		{1341D5E3-C780-4A86-A780-012D26B766D3}.Debug|Any CPU.Build.0 = Debug|Any CPU
		{1341D5E3-C780-4A86-A780-012D26B766D3}.Release|Any CPU.ActiveCfg = Release|Any CPU
		{1341D5E3-C780-4A86-A780-012D26B766D3}.Release|Any CPU.Build.0 = Release|Any CPU
		{99AD48D0-8C90-4999-A6CB-374FC45F8C73}.Debug|Any CPU.ActiveCfg = Debug|Any CPU
		{99AD48D0-8C90-4999-A6CB-374FC45F8C73}.Debug|Any CPU.Build.0 = Debug|Any CPU
		{99AD48D0-8C90-4999-A6CB-374FC45F8C73}.Release|Any CPU.ActiveCfg = Release|Any CPU
		{99AD48D0-8C90-4999-A6CB-374FC45F8C73}.Release|Any CPU.Build.0 = Release|Any CPU
	EndGlobalSection
	GlobalSection(SolutionProperties) = preSolution
		HideSolutionNode = FALSE
	EndGlobalSection
	GlobalSection(NestedProjects) = preSolution
		{418A07DE-5F80-4DD7-A12E-6408060FC38C} = {AF8A7661-B9B8-43E4-BDF6-CD031FA703CB}
		{9B372271-BD35-4519-A27F-E6ACBB5951F1} = {95955F22-605B-4332-9928-A767F852D54C}
		{8B51E1C7-E2D9-4114-8217-CB9F0A7BD0EE} = {95955F22-605B-4332-9928-A767F852D54C}
		{C1B9FD92-E4F3-4311-910E-AE8661B50641} = {95955F22-605B-4332-9928-A767F852D54C}
		{AF8A7661-B9B8-43E4-BDF6-CD031FA703CB} = {95955F22-605B-4332-9928-A767F852D54C}
		{E943E9A9-954C-4DB6-98DA-A64305997880} = {C1B9FD92-E4F3-4311-910E-AE8661B50641}
		{95B208B1-C1D4-4E1C-A6BE-78258CC7BBC8} = {8B51E1C7-E2D9-4114-8217-CB9F0A7BD0EE}
		{306A52F6-9CF7-4324-9136-3AD18A295795} = {8B51E1C7-E2D9-4114-8217-CB9F0A7BD0EE}
		{1341D5E3-C780-4A86-A780-012D26B766D3} = {C1B9FD92-E4F3-4311-910E-AE8661B50641}
		{99AD48D0-8C90-4999-A6CB-374FC45F8C73} = {9B372271-BD35-4519-A27F-E6ACBB5951F1}
	EndGlobalSection
	GlobalSection(ExtensibilityGlobals) = postSolution
		SolutionGuid = {90E61DF4-B6A1-4F12-9E5A-91E1FD619368}
	EndGlobalSection
EndGlobal
